
Microsoft Visual Studio Solution File, Format Version 12.00
# Visual Studio Version 17
VisualStudioVersion = 17.3.32901.215
MinimumVisualStudioVersion = 10.0.40219.1
Project("{FAE04EC0-301F-11D3-BF4B-00C04F79EFBC}") = "buoi2", "buoi2\buoi2.csproj", "{50688AFC-1656-42EA-A955-A604A71A697A}"
EndProject
Global
	GlobalSection(SolutionConfigurationPlatforms) = preSolution
		Debug|Any CPU = Debug|Any CPU
		Release|Any CPU = Release|Any CPU
	EndGlobalSection
	GlobalSection(ProjectConfigurationPlatforms) = postSolution
		{50688AFC-1656-42EA-A955-A604A71A697A}.Debug|Any CPU.ActiveCfg = Debug|Any CPU
		{50688AFC-1656-42EA-A955-A604A71A697A}.Debug|Any CPU.Build.0 = Debug|Any CPU
		{50688AFC-1656-42EA-A955-A604A71A697A}.Release|Any CPU.ActiveCfg = Release|Any CPU
		{50688AFC-1656-42EA-A955-A604A71A697A}.Release|Any CPU.Build.0 = Release|Any CPU
	EndGlobalSection
	GlobalSection(SolutionProperties) = preSolution
		HideSolutionNode = FALSE
	EndGlobalSection
	GlobalSection(ExtensibilityGlobals) = postSolution
		SolutionGuid = {B4637905-A7B2-42D9-964E-31869D4DD47B}
	EndGlobalSection
EndGlobal
